GEM
  specs:
    addressable (2.2.4)
    data_objects (0.10.3)
      addressable (~> 2.1)
    dm-core (1.0.2)
      addressable (~> 2.2)
      extlib (~> 0.9.15)
    dm-do-adapter (1.0.2)
      data_objects (~> 0.10.2)
      dm-core (~> 1.0.2)
    dm-mysql-adapter (1.0.2)
      dm-do-adapter (~> 1.0.2)
      do_mysql (~> 0.10.2)
    dm-postgres-adapter (1.0.0)
      dm-do-adapter (~> 1.0.0)
      do_postgres (~> 0.10.2)
    dm-sqlite-adapter (1.0.2)
      dm-do-adapter (~> 1.0.2)
      do_sqlite3 (~> 0.10.2)
    do_jdbc (0.10.3-java)
      data_objects (= 0.10.3)
    do_mysql (0.10.3-java)
      data_objects (= 0.10.3)
      do_jdbc (= 0.10.3)
      jdbc-mysql (>= 5.0.4)
    do_postgres (0.10.3-java)
      data_objects (= 0.10.3)
      do_jdbc (= 0.10.3)
      jdbc-postgres (>= 8.2)
    do_sqlite3 (0.10.3-java)
      data_objects (= 0.10.3)
      do_jdbc (= 0.10.3)
      jdbc-sqlite3 (>= 3.5.8)
    extlib (0.9.15)
    ixtlan-core (0.1.1)
      slf4r (= 0.4.2)
    jdbc-mysql (5.0.4)
    jdbc-postgres (8.4.702-java)
    jdbc-sqlite3 (3.6.14.2.056-java)
    slf4r (0.4.2)

PLATFORMS
  java

DEPENDENCIES
  dm-core
  dm-mysql-adapter (~> 1.0.0, < 1.0.3)
  dm-postgres-adapter (<= 1.0.0)
  dm-sqlite-adapter (~> 1.0.0)
  ixtlan-core
  ixtlan-error-handler
  rspec
